
Microsoft Visual Studio Solution File, Format Version 12.00
# Visual Studio Version 17
VisualStudioVersion = 17.0.31903.59
MinimumVisualStudioVersion = 10.0.40219.1
Project("{2150E333-8FDC-42A3-9474-1A3956D46DE8}") = "src", "src", "{E015524B-B0C4-4CF0-91B3-5399C6DE68AB}"
EndProject
Project("{9A19103F-16F7-4668-BE54-9A1E7A4F7556}") = "ITeam", "src\ITeam\ITeam.csproj", "{2D16A995-3EE9-4BB5-A2CA-0FADBD269E75}"
EndProject
Project("{E53339B2-1760-4266-BCC7-CA923CBCF16C}") = "docker-compose", "docker-compose.dcproj", "{AC943F64-8A82-4409-83EF-A6EA1E8929F0}"
EndProject
Global
	GlobalSection(SolutionConfigurationPlatforms) = preSolution
		Debug|Any CPU = Debug|Any CPU
		Release|Any CPU = Release|Any CPU
	EndGlobalSection
	GlobalSection(ProjectConfigurationPlatforms) = postSolution
		{2D16A995-3EE9-4BB5-A2CA-0FADBD269E75}.Debug|Any CPU.ActiveCfg = Debug|Any CPU
		{2D16A995-3EE9-4BB5-A2CA-0FADBD269E75}.Debug|Any CPU.Build.0 = Debug|Any CPU
		{2D16A995-3EE9-4BB5-A2CA-0FADBD269E75}.Release|Any CPU.ActiveCfg = Release|Any CPU
		{2D16A995-3EE9-4BB5-A2CA-0FADBD269E75}.Release|Any CPU.Build.0 = Release|Any CPU
		{AC943F64-8A82-4409-83EF-A6EA1E8929F0}.Debug|Any CPU.ActiveCfg = Debug|Any CPU
		{AC943F64-8A82-4409-83EF-A6EA1E8929F0}.Debug|Any CPU.Build.0 = Debug|Any CPU
		{AC943F64-8A82-4409-83EF-A6EA1E8929F0}.Release|Any CPU.ActiveCfg = Release|Any CPU
		{AC943F64-8A82-4409-83EF-A6EA1E8929F0}.Release|Any CPU.Build.0 = Release|Any CPU
	EndGlobalSection
	GlobalSection(SolutionProperties) = preSolution
		HideSolutionNode = FALSE
	EndGlobalSection
	GlobalSection(NestedProjects) = preSolution
		{2D16A995-3EE9-4BB5-A2CA-0FADBD269E75} = {E015524B-B0C4-4CF0-91B3-5399C6DE68AB}
	EndGlobalSection
EndGlobal
